
Microsoft Visual Studio Solution File, Format Version 12.00
# Visual Studio Version 17
VisualStudioVersion = 17.11.35327.3
MinimumVisualStudioVersion = 10.0.40219.1
Project("{FAE04EC0-301F-11D3-BF4B-00C04F79EFBC}") = "№2(1) C#", "№2(1) C#\№2(1) C#.csproj", "{1470FF3D-F7F6-4C12-ACBA-1EE45330BAD3}"
EndProject
Global
	GlobalSection(SolutionConfigurationPlatforms) = preSolution
		Debug|Any CPU = Debug|Any CPU
		Release|Any CPU = Release|Any CPU
	EndGlobalSection
	GlobalSection(ProjectConfigurationPlatforms) = postSolution
		{1470FF3D-F7F6-4C12-ACBA-1EE45330BAD3}.Debug|Any CPU.ActiveCfg = Debug|Any CPU
		{1470FF3D-F7F6-4C12-ACBA-1EE45330BAD3}.Debug|Any CPU.Build.0 = Debug|Any CPU
		{1470FF3D-F7F6-4C12-ACBA-1EE45330BAD3}.Release|Any CPU.ActiveCfg = Release|Any CPU
		{1470FF3D-F7F6-4C12-ACBA-1EE45330BAD3}.Release|Any CPU.Build.0 = Release|Any CPU
	EndGlobalSection
	GlobalSection(SolutionProperties) = preSolution
		HideSolutionNode = FALSE
	EndGlobalSection
	GlobalSection(ExtensibilityGlobals) = postSolution
		SolutionGuid = {287E6BD2-F0A2-450A-982D-40E89C5D9E9B}
	EndGlobalSection
EndGlobal
